
Microsoft Visual Studio Solution File, Format Version 12.00
# Visual Studio Version 17
VisualStudioVersion = 17.4.33213.308
MinimumVisualStudioVersion = 10.0.40219.1
Project("{2150E333-8FDC-42A3-9474-1A3956D46DE8}") = "Services", "Services", "{A074EA06-207F-4E6B-A089-7864D8B8ECD3}"
EndProject
Project("{2150E333-8FDC-42A3-9474-1A3956D46DE8}") = "FrontEnd", "FrontEnd", "{D4646C9C-231C-4F8C-9B5D-A72DAA489C09}"
EndProject
Project("{9A19103F-16F7-4668-BE54-9A1E7A4F7556}") = "Mango.Web", "Mango.Web\Mango.Web.csproj", "{DFBDE955-3A3F-4C0A-A52B-01AB38472A50}"
EndProject
Project("{9A19103F-16F7-4668-BE54-9A1E7A4F7556}") = "Mango.Services.ProductAPI", "Mango.Services.ProductAPI\Mango.Services.ProductAPI.csproj", "{BE7E85A9-3931-4EA2-9ECC-69ECD7A2CE7C}"
EndProject
Project("{FAE04EC0-301F-11D3-BF4B-00C04F79EFBC}") = "Mango.Services.Identity", "Mango.Services.Identity\Mango.Services.Identity.csproj", "{F2317937-0AD8-4AF6-BF95-539002D17B1A}"
EndProject
Global
	GlobalSection(SolutionConfigurationPlatforms) = preSolution
		Debug|Any CPU = Debug|Any CPU
		Release|Any CPU = Release|Any CPU
	EndGlobalSection
	GlobalSection(ProjectConfigurationPlatforms) = postSolution
		{DFBDE955-3A3F-4C0A-A52B-01AB38472A50}.Debug|Any CPU.ActiveCfg = Debug|Any CPU
		{DFBDE955-3A3F-4C0A-A52B-01AB38472A50}.Debug|Any CPU.Build.0 = Debug|Any CPU
		{DFBDE955-3A3F-4C0A-A52B-01AB38472A50}.Release|Any CPU.ActiveCfg = Release|Any CPU
		{DFBDE955-3A3F-4C0A-A52B-01AB38472A50}.Release|Any CPU.Build.0 = Release|Any CPU
		{BE7E85A9-3931-4EA2-9ECC-69ECD7A2CE7C}.Debug|Any CPU.ActiveCfg = Debug|Any CPU
		{BE7E85A9-3931-4EA2-9ECC-69ECD7A2CE7C}.Debug|Any CPU.Build.0 = Debug|Any CPU
		{BE7E85A9-3931-4EA2-9ECC-69ECD7A2CE7C}.Release|Any CPU.ActiveCfg = Release|Any CPU
		{BE7E85A9-3931-4EA2-9ECC-69ECD7A2CE7C}.Release|Any CPU.Build.0 = Release|Any CPU
		{F2317937-0AD8-4AF6-BF95-539002D17B1A}.Debug|Any CPU.ActiveCfg = Debug|Any CPU
		{F2317937-0AD8-4AF6-BF95-539002D17B1A}.Debug|Any CPU.Build.0 = Debug|Any CPU
		{F2317937-0AD8-4AF6-BF95-539002D17B1A}.Release|Any CPU.ActiveCfg = Release|Any CPU
		{F2317937-0AD8-4AF6-BF95-539002D17B1A}.Release|Any CPU.Build.0 = Release|Any CPU
	EndGlobalSection
	GlobalSection(SolutionProperties) = preSolution
		HideSolutionNode = FALSE
	EndGlobalSection
	GlobalSection(NestedProjects) = preSolution
		{DFBDE955-3A3F-4C0A-A52B-01AB38472A50} = {D4646C9C-231C-4F8C-9B5D-A72DAA489C09}
		{BE7E85A9-3931-4EA2-9ECC-69ECD7A2CE7C} = {A074EA06-207F-4E6B-A089-7864D8B8ECD3}
		{F2317937-0AD8-4AF6-BF95-539002D17B1A} = {A074EA06-207F-4E6B-A089-7864D8B8ECD3}
	EndGlobalSection
	GlobalSection(ExtensibilityGlobals) = postSolution
		SolutionGuid = {C40ECFA2-F04B-4F61-AC98-8D731527D181}
	EndGlobalSection
EndGlobal
